// !$*UTF8*$!
{
	archiveVersion = 1;
	classes = {
	};
	objectVersion = 50;
	objects = {

/* Begin PBXBuildFile section */
		ABE59703236BCC9400AB52AC /* AppDelegate.swift in Sources */ = {isa = PBXBuildFile; fileRef = ABE59702236BCC9400AB52AC /* AppDelegate.swift */; };
		ABE59705236BCC9400AB52AC /* SceneDelegate.swift in Sources */ = {isa = PBXBuildFile; fileRef = ABE59704236BCC9400AB52AC /* SceneDelegate.swift */; };
		ABE59707236BCC9400AB52AC /* ViewController.swift in Sources */ = {isa = PBXBuildFile; fileRef = ABE59706236BCC9400AB52AC /* ViewController.swift */; };
		ABE5970A236BCC9400AB52AC /* Main.storyboard in Resources */ = {isa = PBXBuildFile; fileRef = ABE59708236BCC9400AB52AC /* Main.storyboard */; };
		ABE5970C236BCCA700AB52AC /* Assets.xcassets in Resources */ = {isa = PBXBuildFile; fileRef = ABE5970B236BCCA700AB52AC /* Assets.xcassets */; };
		ABE5970F236BCCA700AB52AC /* LaunchScreen.storyboard in Resources */ = {isa = PBXBuildFile; fileRef = ABE5970D236BCCA700AB52AC /* LaunchScreen.storyboard */; };
/* End PBXBuildFile section */

/* Begin PBXFileReference section */
		ABE596FF236BCC9400AB52AC /* AboutMe.app */ = {isa = PBXFileReference; explicitFileType = wrapper.application; includeInIndex = 0; path = AboutMe.app; sourceTree = BUILT_PRODUCTS_DIR; };
		ABE59702236BCC9400AB52AC /* AppDelegate.swift */ = {isa = PBXFileReference; lastKnownFileType = sourcecode.swift; path = AppDelegate.swift; sourceTree = "<group>"; };
		ABE59704236BCC9400AB52AC /* SceneDelegate.swift */ = {isa = PBXFileReference; lastKnownFileType = sourcecode.swift; path = SceneDelegate.swift; sourceTree = "<group>"; };
		ABE59706236BCC9400AB52AC /* ViewController.swift */ = {isa = PBXFileReference; lastKnownFileType = sourcecode.swift; path = ViewController.swift; sourceTree = "<group>"; };
		ABE59709236BCC9400AB52AC /* Base */ = {isa = PBXFileReference; lastKnownFileType = file.storyboard; name = Base; path = Base.lproj/Main.storyboard; sourceTree = "<group>"; };
		ABE5970B236BCCA700AB52AC /* Assets.xcassets */ = {isa = PBXFileReference; lastKnownFileType = folder.assetcatalog; path = Assets.xcassets; sourceTree = "<group>"; };
		ABE5970E236BCCA700AB52AC /* Base */ = {isa = PBXFileReference; lastKnownFileType = file.storyboard; name = Base; path = Base.lproj/LaunchScreen.storyboard; sourceTree = "<group>"; };
		ABE59710236BCCA700AB52AC /* Info.plist */ = {isa = PBXFileReference; lastKnownFileType = text.plist.xml; path = Info.plist; sourceTree = "<group>"; };
/* End PBXFileReference section */

/* Begin PBXFrameworksBuildPhase section */
		ABE596FC236BCC9400AB52AC /* Frameworks */ = {
			isa = PBXFrameworksBuildPhase;
			buildActionMask = 2147483647;
			files = (
			);
			runOnlyForDeploymentPostprocessing = 0;
		};
/* End PBXFrameworksBuildPhase section */

/* Begin PBXGroup section */
		ABE596F6236BCC9400AB52AC = {
			isa = PBXGroup;
			children = (
				ABE59701236BCC9400AB52AC /* AboutMe */,
				ABE59700236BCC9400AB52AC /* Products */,
			);
			sourceTree = "<group>";
		};
		ABE59700236BCC9400AB52AC /* Products */ = {
			isa = PBXGroup;
			children = (
				ABE596FF236BCC9400AB52AC /* AboutMe.app */,
			);
			name = Products;
			sourceTree = "<group>";
		};
		ABE59701236BCC9400AB52AC /* AboutMe */ = {
			isa = PBXGroup;
			children = (
				ABE59702236BCC9400AB52AC /* AppDelegate.swift */,
				ABE59704236BCC9400AB52AC /* SceneDelegate.swift */,
				ABE59706236BCC9400AB52AC /* ViewController.swift */,
				ABE59708236BCC9400AB52AC /* Main.storyboard */,
				ABE5970B236BCCA700AB52AC /* Assets.xcassets */,
				ABE5970D236BCCA700AB52AC /* LaunchScreen.storyboard */,
				ABE59710236BCCA700AB52AC /* Info.plist */,
			);
			path = AboutMe;
			sourceTree = "<group>";
		};
/* End PBXGroup section */

/* Begin PBXNativeTarget section */
		ABE596FE236BCC9400AB52AC /* AboutMe */ = {
			isa = PBXNativeTarget;
			buildConfigurationList = ABE59713236BCCA700AB52AC /* Build configuration list for PBXNativeTarget "AboutMe" */;
			buildPhases = (
				ABE596FB236BCC9400AB52AC /* Sources */,
				ABE596FC236BCC9400AB52AC /* Frameworks */,
				ABE596FD236BCC9400AB52AC /* Resources */,
			);
			buildRules = (
			);
			dependencies = (
			);
			name = AboutMe;
			productName = AboutMe;
			productReference = ABE596FF236BCC9400AB52AC /* AboutMe.app */;
			productType = "com.apple.product-type.application";
		};
/* End PBXNativeTarget section */

/* Begin PBXProject section */
		ABE596F7236BCC9400AB52AC /* Project object */ = {
			isa = PBXProject;
			attributes = {
				LastSwiftUpdateCheck = 1110;
				LastUpgradeCheck = 1110;
				ORGANIZATIONNAME = "Crus Technologies";
				TargetAttributes = {
					ABE596FE236BCC9400AB52AC = {
						CreatedOnToolsVersion = 11.1;
					};
				};
			};
			buildConfigurationList = ABE596FA236BCC9400AB52AC /* Build configuration list for PBXProject "AboutMe" */;
			compatibilityVersion = "Xcode 9.3";
			developmentRegion = en;
			hasScannedForEncodings = 0;
			knownRegions = (
				en,
				Base,
			);
			mainGroup = ABE596F6236BCC9400AB52AC;
			productRefGroup = ABE59700236BCC9400AB52AC /* Products */;
			projectDirPath = "";
			projectRoot = "";
			targets = (
				ABE596FE236BCC9400AB52AC /* AboutMe */,
			);
		};
/* End PBXProject section */

/* Begin PBXResourcesBuildPhase section */
		ABE596FD236BCC9400AB52AC /* Resources */ = {
			isa = PBXResourcesBuildPhase;
			buildActionMask = 2147483647;
			files = (
				ABE5970F236BCCA700AB52AC /* LaunchScreen.storyboard in Resources */,
				ABE5970C236BCCA700AB52AC /* Assets.xcassets in Resources */,
				ABE5970A236BCC9400AB52AC /* Main.storyboard in Resources */,
			);
			runOnlyForDeploymentPostprocessing = 0;
		};
/* End PBXResourcesBuildPhase section */

/* Begin PBXSourcesBuildPhase section */
		ABE596FB236BCC9400AB52AC /* Sources */ = {
			isa = PBXSourcesBuildPhase;
			buildActionMask = 2147483647;
			files = (
				ABE59707236BCC9400AB52AC /* ViewController.swift in Sources */,
				ABE59703236BCC9400AB52AC /* AppDelegate.swift in Sources */,
				ABE59705236BCC9400AB52AC /* SceneDelegate.swift in Sources */,
			);
			runOnlyForDeploymentPostprocessing = 0;
		};
/* End PBXSourcesBuildPhase section */

/* Begin PBXVariantGroup section */
		ABE59708236BCC9400AB52AC /* Main.storyboard */ = {
			isa = PBXVariantGroup;
			children = (
				ABE59709236BCC9400AB52AC /* Base */,
			);
			name = Main.storyboard;
			sourceTree = "<group>";
		};
		ABE5970D236BCCA700AB52AC /* LaunchScreen.storyboard */ = {
			isa = PBXVariantGroup;
			children = (
				ABE5970E236BCCA700AB52AC /* Base */,
			);
			name = LaunchScreen.storyboard;
			sourceTree = "<group>";
		};
/* End PBXVariantGroup section */

/* Begin XCBuildConfiguration section */
		ABE59711236BCCA700AB52AC /* Debug */ = {
			isa = XCBuildConfiguration;
			buildSettings = {
				ALWAYS_SEARCH_USER_PATHS = NO;
				CLANG_ANALYZER_NONNULL = YES;
				CLANG_ANALYZER_NUMBER_OBJECT_CONVERSION = YES_AGGRESSIVE;
				CLANG_CXX_LANGUAGE_STANDARD = "gnu++14";
				CLANG_CXX_LIBRARY = "libc++";
				CLANG_ENABLE_MODULES = YES;
				CLANG_ENABLE_OBJC_ARC = YES;
				CLANG_ENABLE_OBJC_WEAK = YES;
				CLANG_WARN_BLOCK_CAPTURE_AUTORELEASING = YES;
				CLANG_WARN_BOOL_CONVERSION = YES;
				CLANG_WARN_COMMA = YES;
				CLANG_WARN_CONSTANT_CONVERSION = YES;
				CLANG_WARN_DEPRECATED_OBJC_IMPLEMENTATIONS = YES;
				CLANG_WARN_DIRECT_OBJC_ISA_USAGE = YES_ERROR;
				CLANG_WARN_DOCUMENTATION_COMMENTS = YES;
				CLANG_WARN_EMPTY_BODY = YES;
				CLANG_WARN_ENUM_CONVERSION = YES;
				CLANG_WARN_INFINITE_RECURSION = YES;
				CLANG_WARN_INT_CONVERSION = YES;
				CLANG_WARN_NON_LITERAL_NULL_CONVERSION = YES;
				CLANG_WARN_OBJC_IMPLICIT_RETAIN_SELF = YES;
				CLANG_WARN_OBJC_LITERAL_CONVERSION = YES;
				CLANG_WARN_OBJC_ROOT_CLASS = YES_ERROR;
				CLANG_WARN_RANGE_LOOP_ANALYSIS = YES;
				CLANG_WARN_STRICT_PROTOTYPES = YES;
				CLANG_WARN_SUSPICIOUS_MOVE = YES;
				CLANG_WARN_UNGUARDED_AVAILABILITY = YES_AGGRESSIVE;
				CLANG_WARN_UNREACHABLE_CODE = YES;
				CLANG_WARN__DUPLICATE_METHOD_MATCH = YES;
				COPY_PHASE_STRIP = NO;
				DEBUG_INFORMATION_FORMAT = dwarf;
				ENABLE_STRICT_OBJC_MSGSEND = YES;
				ENABLE_TESTABILITY = YES;
				GCC_C_LANGUAGE_STANDARD = gnu11;
				GCC_DYNAMIC_NO_PIC = NO;
				GCC_NO_COMMON_BLOCKS = YES;
				GCC_OPTIMIZATION_LEVEL = 0;
				GCC_PREPROCESSOR_DEFINITIONS = (
					"DEBUG=1",
					"$(inherited)",
				);
				GCC_WARN_64_TO_32_BIT_CONVERSION = YES;
				GCC_WARN_ABOUT_RETURN_TYPE = YES_ERROR;
				GCC_WARN_UNDECLARED_SELECTOR = YES;
				GCC_WARN_UNINITIALIZED_AUTOS = YES_AGGRESSIVE;
				GCC_WARN_UNUSED_FUNCTION = YES;
				GCC_WARN_UNUSED_VARIABLE = YES;
				IPHONEOS_DEPLOYMENT_TARGET = 13.1;
				MTL_ENABLE_DEBUG_INFO = INCLUDE_SOURCE;
				MTL_FAST_MATH = YES;
				ONLY_ACTIVE_ARCH = YES;
				SDKROOT = iphoneos;
				SWIFT_ACTIVE_COMPILATION_CONDITIONS = DEBUG;
				SWIFT_OPTIMIZATION_LEVEL = "-Onone";
			};
			name = Debug;
		};
		ABE59712236BCCA700AB52AC /* Release */ = {
			isa = XCBuildConfiguration;
			buildSettings = {
				ALWAYS_SEARCH_USER_PATHS = NO;
				CLANG_ANALYZER_NONNULL = YES;
				CLANG_ANALYZER_NUMBER_OBJECT_CONVERSION = YES_AGGRESSIVE;
				CLANG_CXX_LANGUAGE_STANDARD = "gnu++14";
				CLANG_CXX_LIBRARY = "libc++";
				CLANG_ENABLE_MODULES = YES;
				CLANG_ENABLE_OBJC_ARC = YES;
				CLANG_ENABLE_OBJC_WEAK = YES;
				CLANG_WARN_BLOCK_CAPTURE_AUTORELEASING = YES;
				CLANG_WARN_BOOL_CONVERSION = YES;
				CLANG_WARN_COMMA = YES;
				CLANG_WARN_CONSTANT_CONVERSION = YES;
				CLANG_WARN_DEPRECATED_OBJC_IMPLEMENTATIONS = YES;
				CLANG_WARN_DIRECT_OBJC_ISA_USAGE = YES_ERROR;
				CLANG_WARN_DOCUMENTATION_COMMENTS = YES;
				CLANG_WARN_EMPTY_BODY = YES;
				CLANG_WARN_ENUM_CONVERSION = YES;
				CLANG_WARN_INFINITE_RECURSION = YES;
				CLANG_WARN_INT_CONVERSION = YES;
				CLANG_WARN_NON_LITERAL_NULL_CONVERSION = YES;
				CLANG_WARN_OBJC_IMPLICIT_RETAIN_SELF = YES;
				CLANG_WARN_OBJC_LITERAL_CONVERSION = YES;
				CLANG_WARN_OBJC_ROOT_CLASS = YES_ERROR;
				CLANG_WARN_RANGE_LOOP_ANALYSIS = YES;
				CLANG_WARN_STRICT_PROTOTYPES = YES;
				CLANG_WARN_SUSPICIOUS_MOVE = YES;
				CLANG_WARN_UNGUARDED_AVAILABILITY = YES_AGGRESSIVE;
				CLANG_WARN_UNREACHABLE_CODE = YES;
				CLANG_WARN__DUPLICATE_METHOD_MATCH = YES;
				COPY_PHASE_STRIP = NO;
				DEBUG_INFORMATION_FORMAT = "dwarf-with-dsym";
				ENABLE_NS_ASSERTIONS = NO;
				ENABLE_STRICT_OBJC_MSGSEND = YES;
				GCC_C_LANGUAGE_STANDARD = gnu11;
				GCC_NO_COMMON_BLOCKS = YES;
				GCC_WARN_64_TO_32_BIT_CONVERSION = YES;
				GCC_WARN_ABOUT_RETURN_TYPE = YES_ERROR;
				GCC_WARN_UNDECLARED_SELECTOR = YES;
				GCC_WARN_UNINITIALIZED_AUTOS = YES_AGGRESSIVE;
				GCC_WARN_UNUSED_FUNCTION = YES;
				GCC_WARN_UNUSED_VARIABLE = YES;
				IPHONEOS_DEPLOYMENT_TARGET = 13.1;
				MTL_ENABLE_DEBUG_INFO = NO;
				MTL_FAST_MATH = YES;
				SDKROOT = iphoneos;
				SWIFT_COMPILATION_MODE = wholemodule;
				SWIFT_OPTIMIZATION_LEVEL = "-O";
				VALIDATE_PRODUCT = YES;
			};
			name = Release;
		};
		ABE59714236BCCA700AB52AC /* Debug */ = {
			isa = XCBuildConfiguration;
			buildSettings = {
				ASSETCATALOG_COMPILER_APPICON_NAME = AppIcon;
				CODE_SIGN_STYLE = Automatic;
				DEVELOPMENT_TEAM = 46XAGWCJPW;
				INFOPLIST_FILE = AboutMe/Info.plist;
				LD_RUNPATH_SEARCH_PATHS = (
					"$(inherited)",
					"@executable_path/Frameworks",
				);
				PRODUCT_BUNDLE_IDENTIFIER = com.pravinpatel.AboutMe;
				PRODUCT_NAME = "$(TARGET_NAME)";
				SWIFT_VERSION = 5.0;
				TARGETED_DEVICE_FAMILY = "1,2";
			};
			name = Debug;
		};
		ABE59715236BCCA700AB52AC /* Release */ = {
			isa = XCBuildConfiguration;
			buildSettings = {
				ASSETCATALOG_COMPILER_APPICON_NAME = AppIcon;
				CODE_SIGN_STYLE = Automatic;
				DEVELOPMENT_TEAM = 46XAGWCJPW;
				INFOPLIST_FILE = AboutMe/Info.plist;
				LD_RUNPATH_SEARCH_PATHS = (
					"$(inherited)",
					"@executable_path/Frameworks",
				);
				PRODUCT_BUNDLE_IDENTIFIER = com.pravinpatel.AboutMe;
				PRODUCT_NAME = "$(TARGET_NAME)";
				SWIFT_VERSION = 5.0;
				TARGETED_DEVICE_FAMILY = "1,2";
			};
			name = Release;
		};
/* End XCBuildConfiguration section */

/* Begin XCConfigurationList section */
		ABE596FA236BCC9400AB52AC /* Build configuration list for PBXProject "AboutMe" */ = {
			isa = XCConfigurationList;
			buildConfigurations = (
				ABE59711236BCCA700AB52AC /* Debug */,
				ABE59712236BCCA700AB52AC /* Release */,
			);
			defaultConfigurationIsVisible = 0;
			defaultConfigurationName = Release;
		};
		ABE59713236BCCA700AB52AC /* Build configuration list for PBXNativeTarget "AboutMe" */ = {
			isa = XCConfigurationList;
			buildConfigurations = (
				ABE59714236BCCA700AB52AC /* Debug */,
				ABE59715236BCCA700AB52AC /* Release */,
			);
			defaultConfigurationIsVisible = 0;
			defaultConfigurationName = Release;
		};
/* End XCConfigurationList section */
	};
	rootObject = ABE596F7236BCC9400AB52AC /* Project object */;
}
